// !$*UTF8*$!
{
	archiveVersion = 1;
	classes = {
	};
	objectVersion = 46;
	objects = {

/* Begin PBXBuildFile section */
		8A0143F21A33928C000A3B19 /* sample-1-BC.txt in CopyFiles */ = {isa = PBXBuildFile; fileRef = 8A32BF721A2F4B5A00C51115 /* sample-1-BC.txt */; };
		8A0143F31A3394A4000A3B19 /* sample-2-BC.txt in CopyFiles */ = {isa = PBXBuildFile; fileRef = 8A32BF751A2F4B5A00C51115 /* sample-2-BC.txt */; };
		8ACA8C2B1A1CEEF40017FFE1 /* project4.cpp in Sources */ = {isa = PBXBuildFile; fileRef = 8ACA8C291A1CEEF40017FFE1 /* project4.cpp */; };
		BF610CF21A1D1CA400436368 /* test-1-A.txt in CopyFiles */ = {isa = PBXBuildFile; fileRef = BF610CF01A1D1C2200436368 /* test-1-A.txt */; };
		BF6670451A33DCF900B0D54B /* project4.h in Headers */ = {isa = PBXBuildFile; fileRef = 8ACA8C2A1A1CEEF40017FFE1 /* project4.h */; };
		BF6670461A33DCF900B0D54B /* Client.h in Headers */ = {isa = PBXBuildFile; fileRef = 8ACA8C2E1A1CF0610017FFE1 /* Client.h */; };
		BF6670471A33DCF900B0D54B /* ClientA.h in Headers */ = {isa = PBXBuildFile; fileRef = 8ACA8C2F1A1CF2930017FFE1 /* ClientA.h */; };
		BF6670481A33DCF900B0D54B /* ClientB.h in Headers */ = {isa = PBXBuildFile; fileRef = 8A32BF7F1A2F509200C51115 /* ClientB.h */; };
		BF6670491A33DCF900B0D54B /* ClientC.h in Headers */ = {isa = PBXBuildFile; fileRef = 8A0143F71A33A511000A3B19 /* ClientC.h */; };
		BF6670551A36629B00B0D54B /* sample-4-A.txt in CopyFiles */ = {isa = PBXBuildFile; fileRef = 8A32BF781A2F4B5A00C51115 /* sample-4-A.txt */; };
		BF6670561A36629B00B0D54B /* sample-4-BC.txt in CopyFiles */ = {isa = PBXBuildFile; fileRef = 8A32BF791A2F4B5A00C51115 /* sample-4-BC.txt */; };
		BF6670571A36629B00B0D54B /* sample-5-A.txt in CopyFiles */ = {isa = PBXBuildFile; fileRef = 8A32BF7C1A2F4B5A00C51115 /* sample-5-A.txt */; };
		BF6670581A36629B00B0D54B /* sample-5-B.txt in CopyFiles */ = {isa = PBXBuildFile; fileRef = 8A32BF7D1A2F4B5A00C51115 /* sample-5-B.txt */; };
		BFD2E8181A23B3EC003F19BD /* sample-1-A.txt in CopyFiles */ = {isa = PBXBuildFile; fileRef = BFD2E8171A23B378003F19BD /* sample-1-A.txt */; };
/* End PBXBuildFile section */

/* Begin PBXCopyFilesBuildPhase section */
		8ACA8C1B1A1CEE110017FFE1 /* CopyFiles */ = {
			isa = PBXCopyFilesBuildPhase;
			buildActionMask = 12;
			dstPath = "";
			dstSubfolderSpec = 6;
			files = (
				BF6670551A36629B00B0D54B /* sample-4-A.txt in CopyFiles */,
				BF6670561A36629B00B0D54B /* sample-4-BC.txt in CopyFiles */,
				BF6670571A36629B00B0D54B /* sample-5-A.txt in CopyFiles */,
				BF6670581A36629B00B0D54B /* sample-5-B.txt in CopyFiles */,
				8A0143F31A3394A4000A3B19 /* sample-2-BC.txt in CopyFiles */,
				8A0143F21A33928C000A3B19 /* sample-1-BC.txt in CopyFiles */,
				BFD2E8181A23B3EC003F19BD /* sample-1-A.txt in CopyFiles */,
				BF610CF21A1D1CA400436368 /* test-1-A.txt in CopyFiles */,
			);
			runOnlyForDeploymentPostprocessing = 0;
		};
/* End PBXCopyFilesBuildPhase section */

/* Begin PBXFileReference section */
		8A0143F71A33A511000A3B19 /* ClientC.h */ = {isa = PBXFileReference; lastKnownFileType = sourcecode.c.h; path = ClientC.h; sourceTree = "<group>"; };
		8A32BF6F1A2F4B5A00C51115 /* 1-A.out */ = {isa = PBXFileReference; fileEncoding = 4; lastKnownFileType = text; path = "1-A.out"; sourceTree = "<group>"; };
		8A32BF701A2F4B5A00C51115 /* Makefile */ = {isa = PBXFileReference; fileEncoding = 4; lastKnownFileType = sourcecode.make; path = Makefile; sourceTree = "<group>"; };
		8A32BF711A2F4B5A00C51115 /* s-1-A.out */ = {isa = PBXFileReference; fileEncoding = 4; lastKnownFileType = text; path = "s-1-A.out"; sourceTree = "<group>"; };
		8A32BF721A2F4B5A00C51115 /* sample-1-BC.txt */ = {isa = PBXFileReference; fileEncoding = 4; lastKnownFileType = text; path = "sample-1-BC.txt"; sourceTree = "<group>"; };
		8A32BF731A2F4B5A00C51115 /* sample-1-C-out.txt */ = {isa = PBXFileReference; fileEncoding = 4; lastKnownFileType = text; path = "sample-1-C-out.txt"; sourceTree = "<group>"; };
		8A32BF741A2F4B5A00C51115 /* sample-2-B-out.txt */ = {isa = PBXFileReference; fileEncoding = 4; lastKnownFileType = text; path = "sample-2-B-out.txt"; sourceTree = "<group>"; };
		8A32BF751A2F4B5A00C51115 /* sample-2-BC.txt */ = {isa = PBXFileReference; fileEncoding = 4; lastKnownFileType = text; path = "sample-2-BC.txt"; sourceTree = "<group>"; };
		8A32BF761A2F4B5A00C51115 /* sample-2-C-out.txt */ = {isa = PBXFileReference; fileEncoding = 4; lastKnownFileType = text; path = "sample-2-C-out.txt"; sourceTree = "<group>"; };
		8A32BF771A2F4B5A00C51115 /* sample-3-B-out.txt */ = {isa = PBXFileReference; fileEncoding = 4; lastKnownFileType = text; path = "sample-3-B-out.txt"; sourceTree = "<group>"; };
		8A32BF781A2F4B5A00C51115 /* sample-4-A.txt */ = {isa = PBXFileReference; fileEncoding = 4; lastKnownFileType = text; path = "sample-4-A.txt"; sourceTree = "<group>"; };
		8A32BF791A2F4B5A00C51115 /* sample-4-BC.txt */ = {isa = PBXFileReference; fileEncoding = 4; lastKnownFileType = text; path = "sample-4-BC.txt"; sourceTree = "<group>"; };
		8A32BF7A1A2F4B5A00C51115 /* sample-4-C-out.txt */ = {isa = PBXFileReference; fileEncoding = 4; lastKnownFileType = text; path = "sample-4-C-out.txt"; sourceTree = "<group>"; };
		8A32BF7B1A2F4B5A00C51115 /* sample-5-A-out.txt */ = {isa = PBXFileReference; fileEncoding = 4; lastKnownFileType = text; path = "sample-5-A-out.txt"; sourceTree = "<group>"; };
		8A32BF7C1A2F4B5A00C51115 /* sample-5-A.txt */ = {isa = PBXFileReference; fileEncoding = 4; lastKnownFileType = text; path = "sample-5-A.txt"; sourceTree = "<group>"; };
		8A32BF7D1A2F4B5A00C51115 /* sample-5-B.txt */ = {isa = PBXFileReference; fileEncoding = 4; lastKnownFileType = text; path = "sample-5-B.txt"; sourceTree = "<group>"; };
		8A32BF7F1A2F509200C51115 /* ClientB.h */ = {isa = PBXFileReference; lastKnownFileType = sourcecode.c.h; path = ClientB.h; sourceTree = "<group>"; };
		8ACA8C1D1A1CEE110017FFE1 /* EECS281P4 */ = {isa = PBXFileReference; explicitFileType = "compiled.mach-o.executable"; includeInIndex = 0; path = EECS281P4; sourceTree = BUILT_PRODUCTS_DIR; };
		8ACA8C291A1CEEF40017FFE1 /* project4.cpp */ = {isa = PBXFileReference; fileEncoding = 4; lastKnownFileType = sourcecode.cpp.cpp; path = project4.cpp; sourceTree = "<group>"; };
		8ACA8C2A1A1CEEF40017FFE1 /* project4.h */ = {isa = PBXFileReference; fileEncoding = 4; lastKnownFileType = sourcecode.c.h; path = project4.h; sourceTree = "<group>"; };
		8ACA8C2E1A1CF0610017FFE1 /* Client.h */ = {isa = PBXFileReference; lastKnownFileType = sourcecode.c.h; path = Client.h; sourceTree = "<group>"; };
		8ACA8C2F1A1CF2930017FFE1 /* ClientA.h */ = {isa = PBXFileReference; explicitFileType = sourcecode.cpp.h; path = ClientA.h; sourceTree = "<group>"; };
		BF610CF01A1D1C2200436368 /* test-1-A.txt */ = {isa = PBXFileReference; fileEncoding = 4; lastKnownFileType = text; path = "test-1-A.txt"; sourceTree = "<group>"; };
		BFD2E8161A23B378003F19BD /* sample-1-A-out.txt */ = {isa = PBXFileReference; fileEncoding = 4; lastKnownFileType = text; path = "sample-1-A-out.txt"; sourceTree = "<group>"; };
		BFD2E8171A23B378003F19BD /* sample-1-A.txt */ = {isa = PBXFileReference; fileEncoding = 4; lastKnownFileType = text; path = "sample-1-A.txt"; sourceTree = "<group>"; };
/* End PBXFileReference section */

/* Begin PBXFrameworksBuildPhase section */
		8ACA8C1A1A1CEE110017FFE1 /* Frameworks */ = {
			isa = PBXFrameworksBuildPhase;
			buildActionMask = 2147483647;
			files = (
			);
			runOnlyForDeploymentPostprocessing = 0;
		};
/* End PBXFrameworksBuildPhase section */

/* Begin PBXGroup section */
		8ACA8C141A1CEE110017FFE1 = {
			isa = PBXGroup;
			children = (
				8ACA8C1F1A1CEE110017FFE1 /* EECS281P4 */,
				8ACA8C1E1A1CEE110017FFE1 /* Products */,
			);
			sourceTree = "<group>";
		};
		8ACA8C1E1A1CEE110017FFE1 /* Products */ = {
			isa = PBXGroup;
			children = (
				8ACA8C1D1A1CEE110017FFE1 /* EECS281P4 */,
			);
			name = Products;
			sourceTree = "<group>";
		};
		8ACA8C1F1A1CEE110017FFE1 /* EECS281P4 */ = {
			isa = PBXGroup;
			children = (
				8ACA8C291A1CEEF40017FFE1 /* project4.cpp */,
				8ACA8C2A1A1CEEF40017FFE1 /* project4.h */,
				8ACA8C2E1A1CF0610017FFE1 /* Client.h */,
				8ACA8C2F1A1CF2930017FFE1 /* ClientA.h */,
				8A32BF7F1A2F509200C51115 /* ClientB.h */,
				8A0143F71A33A511000A3B19 /* ClientC.h */,
				BF610CF11A1D1C2D00436368 /* Tests */,
			);
			path = EECS281P4;
			sourceTree = "<group>";
		};
		BF610CF11A1D1C2D00436368 /* Tests */ = {
			isa = PBXGroup;
			children = (
				8A32BF6F1A2F4B5A00C51115 /* 1-A.out */,
				8A32BF701A2F4B5A00C51115 /* Makefile */,
				8A32BF711A2F4B5A00C51115 /* s-1-A.out */,
				8A32BF721A2F4B5A00C51115 /* sample-1-BC.txt */,
				8A32BF731A2F4B5A00C51115 /* sample-1-C-out.txt */,
				8A32BF741A2F4B5A00C51115 /* sample-2-B-out.txt */,
				8A32BF751A2F4B5A00C51115 /* sample-2-BC.txt */,
				8A32BF761A2F4B5A00C51115 /* sample-2-C-out.txt */,
				8A32BF771A2F4B5A00C51115 /* sample-3-B-out.txt */,
				8A32BF781A2F4B5A00C51115 /* sample-4-A.txt */,
				8A32BF791A2F4B5A00C51115 /* sample-4-BC.txt */,
				8A32BF7A1A2F4B5A00C51115 /* sample-4-C-out.txt */,
				8A32BF7B1A2F4B5A00C51115 /* sample-5-A-out.txt */,
				8A32BF7C1A2F4B5A00C51115 /* sample-5-A.txt */,
				8A32BF7D1A2F4B5A00C51115 /* sample-5-B.txt */,
				BF610CF01A1D1C2200436368 /* test-1-A.txt */,
				BFD2E8171A23B378003F19BD /* sample-1-A.txt */,
				BFD2E8161A23B378003F19BD /* sample-1-A-out.txt */,
			);
			name = Tests;
			sourceTree = "<group>";
		};
/* End PBXGroup section */

/* Begin PBXHeadersBuildPhase section */
		BF6670441A33DCEF00B0D54B /* Headers */ = {
			isa = PBXHeadersBuildPhase;
			buildActionMask = 2147483647;
			files = (
				BF6670451A33DCF900B0D54B /* project4.h in Headers */,
				BF6670461A33DCF900B0D54B /* Client.h in Headers */,
				BF6670471A33DCF900B0D54B /* ClientA.h in Headers */,
				BF6670481A33DCF900B0D54B /* ClientB.h in Headers */,
				BF6670491A33DCF900B0D54B /* ClientC.h in Headers */,
			);
			runOnlyForDeploymentPostprocessing = 0;
		};
/* End PBXHeadersBuildPhase section */

/* Begin PBXNativeTarget section */
		8ACA8C1C1A1CEE110017FFE1 /* EECS281P4 */ = {
			isa = PBXNativeTarget;
			buildConfigurationList = 8ACA8C261A1CEE120017FFE1 /* Build configuration list for PBXNativeTarget "EECS281P4" */;
			buildPhases = (
				8ACA8C191A1CEE110017FFE1 /* Sources */,
				8ACA8C1A1A1CEE110017FFE1 /* Frameworks */,
				8ACA8C1B1A1CEE110017FFE1 /* CopyFiles */,
				BF6670441A33DCEF00B0D54B /* Headers */,
			);
			buildRules = (
			);
			dependencies = (
			);
			name = EECS281P4;
			productName = EECS281P4;
			productReference = 8ACA8C1D1A1CEE110017FFE1 /* EECS281P4 */;
			productType = "com.apple.product-type.tool";
		};
/* End PBXNativeTarget section */

/* Begin PBXProject section */
		8ACA8C151A1CEE110017FFE1 /* Project object */ = {
			isa = PBXProject;
			attributes = {
				LastUpgradeCheck = 0510;
				ORGANIZATIONNAME = kcfin;
			};
			buildConfigurationList = 8ACA8C181A1CEE110017FFE1 /* Build configuration list for PBXProject "EECS281P4" */;
			compatibilityVersion = "Xcode 3.2";
			developmentRegion = English;
			hasScannedForEncodings = 0;
			knownRegions = (
				en,
			);
			mainGroup = 8ACA8C141A1CEE110017FFE1;
			productRefGroup = 8ACA8C1E1A1CEE110017FFE1 /* Products */;
			projectDirPath = "";
			projectRoot = "";
			targets = (
				8ACA8C1C1A1CEE110017FFE1 /* EECS281P4 */,
			);
		};
/* End PBXProject section */

/* Begin PBXSourcesBuildPhase section */
		8ACA8C191A1CEE110017FFE1 /* Sources */ = {
			isa = PBXSourcesBuildPhase;
			buildActionMask = 2147483647;
			files = (
				8ACA8C2B1A1CEEF40017FFE1 /* project4.cpp in Sources */,
			);
			runOnlyForDeploymentPostprocessing = 0;
		};
/* End PBXSourcesBuildPhase section */

/* Begin XCBuildConfiguration section */
		8ACA8C241A1CEE120017FFE1 /* Debug */ = {
			isa = XCBuildConfiguration;
			buildSettings = {
				ALWAYS_SEARCH_USER_PATHS = NO;
				CLANG_CXX_LANGUAGE_STANDARD = "gnu++0x";
				CLANG_CXX_LIBRARY = "libc++";
				CLANG_ENABLE_MODULES = YES;
				CLANG_ENABLE_OBJC_ARC = YES;
				CLANG_WARN_BOOL_CONVERSION = YES;
				CLANG_WARN_CONSTANT_CONVERSION = YES;
				CLANG_WARN_DIRECT_OBJC_ISA_USAGE = YES_ERROR;
				CLANG_WARN_EMPTY_BODY = YES;
				CLANG_WARN_ENUM_CONVERSION = YES;
				CLANG_WARN_INT_CONVERSION = YES;
				CLANG_WARN_OBJC_ROOT_CLASS = YES_ERROR;
				CLANG_WARN__DUPLICATE_METHOD_MATCH = YES;
				COPY_PHASE_STRIP = NO;
				GCC_C_LANGUAGE_STANDARD = gnu99;
				GCC_DYNAMIC_NO_PIC = NO;
				GCC_ENABLE_OBJC_EXCEPTIONS = YES;
				GCC_OPTIMIZATION_LEVEL = 0;
				GCC_PREPROCESSOR_DEFINITIONS = (
					"DEBUG=1",
					"$(inherited)",
				);
				GCC_SYMBOLS_PRIVATE_EXTERN = NO;
				GCC_WARN_64_TO_32_BIT_CONVERSION = YES;
				GCC_WARN_ABOUT_RETURN_TYPE = YES_ERROR;
				GCC_WARN_UNDECLARED_SELECTOR = YES;
				GCC_WARN_UNINITIALIZED_AUTOS = YES_AGGRESSIVE;
				GCC_WARN_UNUSED_FUNCTION = YES;
				GCC_WARN_UNUSED_VARIABLE = YES;
				MACOSX_DEPLOYMENT_TARGET = 10.8;
				ONLY_ACTIVE_ARCH = YES;
				SDKROOT = macosx;
			};
			name = Debug;
		};
		8ACA8C251A1CEE120017FFE1 /* Release */ = {
			isa = XCBuildConfiguration;
			buildSettings = {
				ALWAYS_SEARCH_USER_PATHS = NO;
				CLANG_CXX_LANGUAGE_STANDARD = "gnu++0x";
				CLANG_CXX_LIBRARY = "libc++";
				CLANG_ENABLE_MODULES = YES;
				CLANG_ENABLE_OBJC_ARC = YES;
				CLANG_WARN_BOOL_CONVERSION = YES;
				CLANG_WARN_CONSTANT_CONVERSION = YES;
				CLANG_WARN_DIRECT_OBJC_ISA_USAGE = YES_ERROR;
				CLANG_WARN_EMPTY_BODY = YES;
				CLANG_WARN_ENUM_CONVERSION = YES;
				CLANG_WARN_INT_CONVERSION = YES;
				CLANG_WARN_OBJC_ROOT_CLASS = YES_ERROR;
				CLANG_WARN__DUPLICATE_METHOD_MATCH = YES;
				COPY_PHASE_STRIP = YES;
				DEBUG_INFORMATION_FORMAT = "dwarf-with-dsym";
				ENABLE_NS_ASSERTIONS = NO;
				GCC_C_LANGUAGE_STANDARD = gnu99;
				GCC_ENABLE_OBJC_EXCEPTIONS = YES;
				GCC_WARN_64_TO_32_BIT_CONVERSION = YES;
				GCC_WARN_ABOUT_RETURN_TYPE = YES_ERROR;
				GCC_WARN_UNDECLARED_SELECTOR = YES;
				GCC_WARN_UNINITIALIZED_AUTOS = YES_AGGRESSIVE;
				GCC_WARN_UNUSED_FUNCTION = YES;
				GCC_WARN_UNUSED_VARIABLE = YES;
				MACOSX_DEPLOYMENT_TARGET = 10.8;
				SDKROOT = macosx;
			};
			name = Release;
		};
		8ACA8C271A1CEE120017FFE1 /* Debug */ = {
			isa = XCBuildConfiguration;
			buildSettings = {
				PRODUCT_NAME = "$(TARGET_NAME)";
			};
			name = Debug;
		};
		8ACA8C281A1CEE120017FFE1 /* Release */ = {
			isa = XCBuildConfiguration;
			buildSettings = {
				PRODUCT_NAME = "$(TARGET_NAME)";
			};
			name = Release;
		};
/* End XCBuildConfiguration section */

/* Begin XCConfigurationList section */
		8ACA8C181A1CEE110017FFE1 /* Build configuration list for PBXProject "EECS281P4" */ = {
			isa = XCConfigurationList;
			buildConfigurations = (
				8ACA8C241A1CEE120017FFE1 /* Debug */,
				8ACA8C251A1CEE120017FFE1 /* Release */,
			);
			defaultConfigurationIsVisible = 0;
			defaultConfigurationName = Release;
		};
		8ACA8C261A1CEE120017FFE1 /* Build configuration list for PBXNativeTarget "EECS281P4" */ = {
			isa = XCConfigurationList;
			buildConfigurations = (
				8ACA8C271A1CEE120017FFE1 /* Debug */,
				8ACA8C281A1CEE120017FFE1 /* Release */,
			);
			defaultConfigurationIsVisible = 0;
			defaultConfigurationName = Release;
		};
/* End XCConfigurationList section */
	};
	rootObject = 8ACA8C151A1CEE110017FFE1 /* Project object */;
}
